{
  "requires": true,
  "lockfileVersion": 1,
  "dependencies": {
    "gsap": {
      "version": "3.4.2",
      "resolved": "https://registry.npmjs.org/gsap/-/gsap-3.4.2.tgz",
      "integrity": "sha512-2DMG5x9IeQ7csnVaGxmhN4v06sJ4MklqYETMBjfmPQoPel4O4yTvpnINKLDYz7D22xNRwwyd1YWWxpkKgYkuiw=="
    }
  }
}
